# This file is automatically @generated by Cargo.
# It is not intended for manual editing.
version = 4

[[package]]
name = "sdkwork-routes-search-app-api"
version = "0.1.0"

[[package]]
name = "sdkwork-routes-search-backend-api"
version = "0.1.0"

[[package]]
name = "sdkwork_search_storage_sqlx"
version = "0.1.0"
